PODS:
  - AppAuth (1.5.0):
    - AppAuth/Core (= 1.5.0)
    - AppAuth/ExternalUserAgent (= 1.5.0)
  - AppAuth/Core (1.5.0)
  - AppAuth/ExternalUserAgent (1.5.0):
    - AppAuth/Core
  - cloud_firestore (3.4.4):
    - Firebase/Firestore (= 9.3.0)
    - firebase_core
    - Flutter
  - DKImagePickerController/Core (4.3.4):
    - DKImagePickerController/ImageDataManager
    - DKImagePickerController/Resource
  - DKImagePickerController/ImageDataManager (4.3.4)
  - DKImagePickerController/PhotoGallery (4.3.4):
    - DKImagePickerController/Core
    - DKPhotoGallery
  - DKImagePickerController/Resource (4.3.4)
  - DKPhotoGallery (0.0.17):
    - DKPhotoGallery/Core (= 0.0.17)
    - DKPhotoGallery/Model (= 0.0.17)
    - DKPhotoGallery/Preview (= 0.0.17)
    - DKPhotoGallery/Resource (= 0.0.17)
    - SDWebImage
    - SwiftyGif
  - DKPhotoGallery/Core (0.0.17):
    - DKPhotoGallery/Model
    - DKPhotoGallery/Preview
    - SDWebImage
    - SwiftyGif
  - DKPhotoGallery/Model (0.0.17):
    - SDWebImage
    - SwiftyGif
  - DKPhotoGallery/Preview (0.0.17):
    - DKPhotoGallery/Model
    - DKPhotoGallery/Resource
    - SDWebImage
    - SwiftyGif
  - DKPhotoGallery/Resource (0.0.17):
    - SDWebImage
    - SwiftyGif
  - file_picker (0.0.1):
    - DKImagePickerController/PhotoGallery
    - Flutter
  - Firebase/Auth (9.3.0):
    - Firebase/CoreOnly
    - FirebaseAuth (~> 9.3.0)
  - Firebase/CoreOnly (9.3.0):
    - FirebaseCore (= 9.3.0)
  - Firebase/Firestore (9.3.0):
    - Firebase/CoreOnly
    - FirebaseFirestore (~> 9.3.0)
  - Firebase/Messaging (9.3.0):
    - Firebase/CoreOnly
    - FirebaseMessaging (~> 9.3.0)
  - Firebase/Storage (9.3.0):
    - Firebase/CoreOnly
    - FirebaseStorage (~> 9.3.0)
  - firebase_auth (3.6.3):
    - Firebase/Auth (= 9.3.0)
    - firebase_core
    - Flutter
  - firebase_core (1.20.1):
    - Firebase/CoreOnly (= 9.3.0)
    - Flutter
  - firebase_messaging (13.0.0):
    - Firebase/Messaging (= 9.3.0)
    - firebase_core
    - Flutter
  - firebase_storage (10.3.5):
    - Firebase/Storage (= 9.3.0)
    - firebase_core
    - Flutter
  - FirebaseAppCheckInterop (9.4.0)
  - FirebaseAuth (9.3.0):
    - FirebaseCore (~> 9.0)
    - GoogleUtilities/AppDelegateSwizzler (~> 7.7)
    - GoogleUtilities/Environment (~> 7.7)
    - GTMSessionFetcher/Core (< 3.0, >= 1.7)
  - FirebaseAuthInterop (9.4.0)
  - FirebaseCore (9.3.0):
    - FirebaseCoreDiagnostics (~> 9.0)
    - FirebaseCoreInternal (~> 9.0)
    - GoogleUtilities/Environment (~> 7.7)
    - GoogleUtilities/Logger (~> 7.7)
  - FirebaseCoreDiagnostics (9.4.0):
    - GoogleDataTransport (< 10.0.0, >= 9.1.4)
    - GoogleUtilities/Environment (~> 7.7)
    - GoogleUtilities/Logger (~> 7.7)
    - nanopb (< 2.30910.0, >= 2.30908.0)
  - FirebaseCoreExtension (9.4.0):
    - FirebaseCore (~> 9.0)
  - FirebaseCoreInternal (9.4.0):
    - "GoogleUtilities/NSData+zlib (~> 7.7)"
  - FirebaseFirestore (9.3.0):
    - FirebaseFirestore/AutodetectLeveldb (= 9.3.0)
  - FirebaseFirestore/AutodetectLeveldb (9.3.0):
    - FirebaseFirestore/Base
    - FirebaseFirestore/WithLeveldb
  - FirebaseFirestore/Base (9.3.0)
  - FirebaseFirestore/WithLeveldb (9.3.0):
    - FirebaseFirestore/Base
  - FirebaseInstallations (9.4.0):
    - FirebaseCore (~> 9.0)
    - GoogleUtilities/Environment (~> 7.7)
    - GoogleUtilities/UserDefaults (~> 7.7)
    - PromisesObjC (~> 2.1)
  - FirebaseMessaging (9.3.0):
    - FirebaseCore (~> 9.0)
    - FirebaseInstallations (~> 9.0)
    - GoogleDataTransport (< 10.0.0, >= 9.1.4)
    - GoogleUtilities/AppDelegateSwizzler (~> 7.7)
    - GoogleUtilities/Environment (~> 7.7)
    - GoogleUtilities/Reachability (~> 7.7)
    - GoogleUtilities/UserDefaults (~> 7.7)
    - nanopb (< 2.30910.0, >= 2.30908.0)
  - FirebaseStorage (9.3.0):
    - FirebaseAppCheckInterop (~> 9.0)
    - FirebaseAuthInterop (~> 9.0)
    - FirebaseCore (~> 9.0)
    - FirebaseCoreExtension (~> 9.0)
    - FirebaseStorageInternal (~> 9.0)
  - FirebaseStorageInternal (9.4.0):
    - FirebaseCore (~> 9.0)
    - GTMSessionFetcher/Core (< 3.0, >= 1.7)
  - Flutter (1.0.0)
  - flutter_local_notifications (0.0.1):
    - Flutter
  - fluttertoast (0.0.2):
    - Flutter
    - Toast
  - google_sign_in_ios (0.0.1):
    - Flutter
    - GoogleSignIn (~> 6.2)
  - GoogleDataTransport (9.2.0):
    - GoogleUtilities/Environment (~> 7.7)
    - nanopb (< 2.30910.0, >= 2.30908.0)
    - PromisesObjC (< 3.0, >= 1.2)
  - GoogleSignIn (6.2.3):
    - AppAuth (~> 1.5)
    - GTMAppAuth (~> 1.3)
    - GTMSessionFetcher/Core (~> 1.1)
  - GoogleUtilities/AppDelegateSwizzler (7.7.0):
    - GoogleUtilities/Environment
    - GoogleUtilities/Logger
    - GoogleUtilities/Network
  - GoogleUtilities/Environment (7.7.0):
    - PromisesObjC (< 3.0, >= 1.2)
  - GoogleUtilities/Logger (7.7.0):
    - GoogleUtilities/Environment
  - GoogleUtilities/Network (7.7.0):
    - GoogleUtilities/Logger
    - "GoogleUtilities/NSData+zlib"
    - GoogleUtilities/Reachability
  - "GoogleUtilities/NSData+zlib (7.7.0)"
  - GoogleUtilities/Reachability (7.7.0):
    - GoogleUtilities/Logger
  - GoogleUtilities/UserDefaults (7.7.0):
    - GoogleUtilities/Logger
  - GTMAppAuth (1.3.0):
    - AppAuth/Core (~> 1.4)
    - GTMSessionFetcher/Core (~> 1.5)
  - GTMSessionFetcher/Core (1.7.2)
  - image_picker_ios (0.0.1):
    - Flutter
  - nanopb (2.30909.0):
    - nanopb/decode (= 2.30909.0)
    - nanopb/encode (= 2.30909.0)
  - nanopb/decode (2.30909.0)
  - nanopb/encode (2.30909.0)
  - open_file (0.0.1):
    - Flutter
  - path_provider_ios (0.0.1):
    - Flutter
  - permission_handler_apple (9.0.4):
    - Flutter
  - PromisesObjC (2.1.1)
  - SDWebImage (5.13.2):
    - SDWebImage/Core (= 5.13.2)
  - SDWebImage/Core (5.13.2)
  - shared_preferences_ios (0.0.1):
    - Flutter
  - SwiftyGif (5.4.3)
  - Toast (4.0.0)

DEPENDENCIES:
  - cloud_firestore (from `.symlinks/plugins/cloud_firestore/ios`)
  - file_picker (from `.symlinks/plugins/file_picker/ios`)
  - firebase_auth (from `.symlinks/plugins/firebase_auth/ios`)
  - firebase_core (from `.symlinks/plugins/firebase_core/ios`)
  - firebase_messaging (from `.symlinks/plugins/firebase_messaging/ios`)
  - firebase_storage (from `.symlinks/plugins/firebase_storage/ios`)
  - FirebaseFirestore (from `https://github.com/invertase/firestore-ios-sdk-frameworks.git`, tag `9.3.0`)
  - Flutter (from `Flutter`)
  - flutter_local_notifications (from `.symlinks/plugins/flutter_local_notifications/ios`)
  - fluttertoast (from `.symlinks/plugins/fluttertoast/ios`)
  - google_sign_in_ios (from `.symlinks/plugins/google_sign_in_ios/ios`)
  - image_picker_ios (from `.symlinks/plugins/image_picker_ios/ios`)
  - open_file (from `.symlinks/plugins/open_file/ios`)
  - path_provider_ios (from `.symlinks/plugins/path_provider_ios/ios`)
  - permission_handler_apple (from `.symlinks/plugins/permission_handler_apple/ios`)
  - shared_preferences_ios (from `.symlinks/plugins/shared_preferences_ios/ios`)

SPEC REPOS:
  trunk:
    - AppAuth
    - DKImagePickerController
    - DKPhotoGallery
    - Firebase
    - FirebaseAppCheckInterop
    - FirebaseAuth
    - FirebaseAuthInterop
    - FirebaseCore
    - FirebaseCoreDiagnostics
    - FirebaseCoreExtension
    - FirebaseCoreInternal
    - FirebaseInstallations
    - FirebaseMessaging
    - FirebaseStorage
    - FirebaseStorageInternal
    - GoogleDataTransport
    - GoogleSignIn
    - GoogleUtilities
    - GTMAppAuth
    - GTMSessionFetcher
    - nanopb
    - PromisesObjC
    - SDWebImage
    - SwiftyGif
    - Toast

EXTERNAL SOURCES:
  cloud_firestore:
    :path: ".symlinks/plugins/cloud_firestore/ios"
  file_picker:
    :path: ".symlinks/plugins/file_picker/ios"
  firebase_auth:
    :path: ".symlinks/plugins/firebase_auth/ios"
  firebase_core:
    :path: ".symlinks/plugins/firebase_core/ios"
  firebase_messaging:
    :path: ".symlinks/plugins/firebase_messaging/ios"
  firebase_storage:
    :path: ".symlinks/plugins/firebase_storage/ios"
  FirebaseFirestore:
    :git: https://github.com/invertase/firestore-ios-sdk-frameworks.git
    :tag: 9.3.0
  Flutter:
    :path: Flutter
  flutter_local_notifications:
    :path: ".symlinks/plugins/flutter_local_notifications/ios"
  fluttertoast:
    :path: ".symlinks/plugins/fluttertoast/ios"
  google_sign_in_ios:
    :path: ".symlinks/plugins/google_sign_in_ios/ios"
  image_picker_ios:
    :path: ".symlinks/plugins/image_picker_ios/ios"
  open_file:
    :path: ".symlinks/plugins/open_file/ios"
  path_provider_ios:
    :path: ".symlinks/plugins/path_provider_ios/ios"
  permission_handler_apple:
    :path: ".symlinks/plugins/permission_handler_apple/ios"
  shared_preferences_ios:
    :path: ".symlinks/plugins/shared_preferences_ios/ios"

CHECKOUT OPTIONS:
  FirebaseFirestore:
    :git: https://github.com/invertase/firestore-ios-sdk-frameworks.git
    :tag: 9.3.0

SPEC CHECKSUMS:
  AppAuth: 80317d99ac7ff2801a2f18ff86b48cd315ed465d
  cloud_firestore: 683679d43f60e55f9318a5cb03b13637e060a99c
  DKImagePickerController: b512c28220a2b8ac7419f21c491fc8534b7601ac
  DKPhotoGallery: fdfad5125a9fdda9cc57df834d49df790dbb4179
  file_picker: 817ab1d8cd2da9d2da412a417162deee3500fc95
  Firebase: ef75abb1cdbc746d5a38f4e26c422c807b189b8c
  firebase_auth: 3726552033ccc757ef90f046ff2bcf5a13cd34bd
  firebase_core: e66a443ec996cb5e364dc70b4cfc1809c32cbb2e
  firebase_messaging: 97bf7ffc285ce253e23d834fb6a59e39eb4e1f5e
  firebase_storage: fcd8643b05fba82ce94633c828ebc9b945cb7c5b
  FirebaseAppCheckInterop: 63119cdfc94b16c3e9421513c17f597aee2ea225
  FirebaseAuth: 9ebc3577fe0acf9092df21ac314024b70aebf21e
  FirebaseAuthInterop: 826d3d772b554e3675ceaab8c665008277ca9d1c
  FirebaseCore: c088995ece701a021a48a1348ea0174877de2a6a
  FirebaseCoreDiagnostics: aaa87098082c4d4bdd1a9557b1186d18ca85ce8c
  FirebaseCoreExtension: 2cf8c542b54ad3c2d4b746c22e8828b670dcd9b0
  FirebaseCoreInternal: a13302b0088fbf5f38b79b6ece49c2af7d3e05d6
  FirebaseFirestore: 46c6a5f8f633267208ff16e6b72d7aedc7e77c8d
  FirebaseInstallations: 61db1054e688d2bdc4e2b3f744c1b086e913b742
  FirebaseMessaging: 2f6e38b6133059eb796ec224104f09379298a8c3
  FirebaseStorage: 1414d27e15fa04f6350ef6602accef0e951c8bca
  FirebaseStorageInternal: 425c7dc7de44d9b7e07a9f8d6515bab0f1266b87
  Flutter: 50d75fe2f02b26cc09d224853bb45737f8b3214a
  flutter_local_notifications: 0c0b1ae97e741e1521e4c1629a459d04b9aec743
  fluttertoast: 16fbe6039d06a763f3533670197d01fc73459037
  google_sign_in_ios: 4f85eb9f937450765c8573bb85fd8cd6a5af675c
  GoogleDataTransport: 1c8145da7117bd68bbbed00cf304edb6a24de00f
  GoogleSignIn: f4d3939cc0d9264d7509c4b9a924a6c987e30b54
  GoogleUtilities: e0913149f6b0625b553d70dae12b49fc62914fd1
  GTMAppAuth: 4d8f864896f3646f0c33baf38a28362f4c601e15
  GTMSessionFetcher: 5595ec75acf5be50814f81e9189490412bad82ba
  image_picker_ios: b786a5dcf033a8336a657191401bfdf12017dabb
  nanopb: b552cce312b6c8484180ef47159bc0f65a1f0431
  open_file: 02eb5cb6b21264bd3a696876f5afbfb7ca4f4b7d
  path_provider_ios: 14f3d2fd28c4fdb42f44e0f751d12861c43cee02
  permission_handler_apple: 44366e37eaf29454a1e7b1b7d736c2cceaeb17ce
  PromisesObjC: ab77feca74fa2823e7af4249b8326368e61014cb
  SDWebImage: 72f86271a6f3139cc7e4a89220946489d4b9a866
  shared_preferences_ios: 548a61f8053b9b8a49ac19c1ffbc8b92c50d68ad
  SwiftyGif: 6c3eafd0ce693cad58bb63d2b2fb9bacb8552780
  Toast: 91b396c56ee72a5790816f40d3a94dd357abc196

PODFILE CHECKSUM: 2f48665d47d498d4d81e1b92c977844a5be30934

COCOAPODS: 1.11.3
